
Microsoft Visual Studio Solution File, Format Version 12.00
# Visual Studio Version 17
VisualStudioVersion = 17.13.35818.85 d17.13
MinimumVisualStudioVersion = 10.0.40219.1
Project("{FAE04EC0-301F-11D3-BF4B-00C04F79EFBC}") = "FizzGame", "FizzGame.csproj", "{B4A7C344-3CA0-4BC0-A612-B241AE8C9029}"
EndProject
Global
	GlobalSection(SolutionConfigurationPlatforms) = preSolution
		Debug|Any CPU = Debug|Any CPU
		Release|Any CPU = Release|Any CPU
	EndGlobalSection
	GlobalSection(ProjectConfigurationPlatforms) = postSolution
		{B4A7C344-3CA0-4BC0-A612-B241AE8C9029}.Debug|Any CPU.ActiveCfg = Debug|Any CPU
		{B4A7C344-3CA0-4BC0-A612-B241AE8C9029}.Debug|Any CPU.Build.0 = Debug|Any CPU
		{B4A7C344-3CA0-4BC0-A612-B241AE8C9029}.Release|Any CPU.ActiveCfg = Release|Any CPU
		{B4A7C344-3CA0-4BC0-A612-B241AE8C9029}.Release|Any CPU.Build.0 = Release|Any CPU
	EndGlobalSection
	GlobalSection(SolutionProperties) = preSolution
		HideSolutionNode = FALSE
	EndGlobalSection
	GlobalSection(ExtensibilityGlobals) = postSolution
		SolutionGuid = {EFEFD5FD-035A-4D15-B6C9-BCA2008FCCA1}
	EndGlobalSection
EndGlobal
